
Microsoft Visual Studio Solution File, Format Version 12.00
Project("{FAE04EC0-301F-11D3-BF4B-00C04F79EFBC}") = "Courses.WebApp", "Courses.WebApp\Courses.WebApp.csproj", "{86B2C204-AA05-40F9-ABA2-A6F87E177099}"
EndProject
Project("{FAE04EC0-301F-11D3-BF4B-00C04F79EFBC}") = "Courses.Infrastructure", "Courses.Infrastructure\Courses.Infrastructure.csproj", "{A698549C-0818-4541-A42C-B12F4688B27F}"
EndProject
Project("{FAE04EC0-301F-11D3-BF4B-00C04F79EFBC}") = "Courses.WebApi", "Courses.WebApi\Courses.WebApi.csproj", "{7307179F-E148-45DA-B184-A3C49E6C4332}"
EndProject
Project("{FAE04EC0-301F-11D3-BF4B-00C04F79EFBC}") = "Courses.Shared", "Courses.Shared\Courses.Shared.csproj", "{E5C73E2D-ED67-4E80-BFA8-C4535D90A731}"
EndProject
Global
	GlobalSection(SolutionConfigurationPlatforms) = preSolution
		Debug|Any CPU = Debug|Any CPU
		Release|Any CPU = Release|Any CPU
	EndGlobalSection
	GlobalSection(ProjectConfigurationPlatforms) = postSolution
		{86B2C204-AA05-40F9-ABA2-A6F87E177099}.Debug|Any CPU.ActiveCfg = Debug|Any CPU
		{86B2C204-AA05-40F9-ABA2-A6F87E177099}.Debug|Any CPU.Build.0 = Debug|Any CPU
		{86B2C204-AA05-40F9-ABA2-A6F87E177099}.Release|Any CPU.ActiveCfg = Release|Any CPU
		{86B2C204-AA05-40F9-ABA2-A6F87E177099}.Release|Any CPU.Build.0 = Release|Any CPU
		{A698549C-0818-4541-A42C-B12F4688B27F}.Debug|Any CPU.ActiveCfg = Debug|Any CPU
		{A698549C-0818-4541-A42C-B12F4688B27F}.Debug|Any CPU.Build.0 = Debug|Any CPU
		{A698549C-0818-4541-A42C-B12F4688B27F}.Release|Any CPU.ActiveCfg = Release|Any CPU
		{A698549C-0818-4541-A42C-B12F4688B27F}.Release|Any CPU.Build.0 = Release|Any CPU
		{7307179F-E148-45DA-B184-A3C49E6C4332}.Debug|Any CPU.ActiveCfg = Debug|Any CPU
		{7307179F-E148-45DA-B184-A3C49E6C4332}.Debug|Any CPU.Build.0 = Debug|Any CPU
		{7307179F-E148-45DA-B184-A3C49E6C4332}.Release|Any CPU.ActiveCfg = Release|Any CPU
		{7307179F-E148-45DA-B184-A3C49E6C4332}.Release|Any CPU.Build.0 = Release|Any CPU
		{E5C73E2D-ED67-4E80-BFA8-C4535D90A731}.Debug|Any CPU.ActiveCfg = Debug|Any CPU
		{E5C73E2D-ED67-4E80-BFA8-C4535D90A731}.Debug|Any CPU.Build.0 = Debug|Any CPU
		{E5C73E2D-ED67-4E80-BFA8-C4535D90A731}.Release|Any CPU.ActiveCfg = Release|Any CPU
		{E5C73E2D-ED67-4E80-BFA8-C4535D90A731}.Release|Any CPU.Build.0 = Release|Any CPU
	EndGlobalSection
EndGlobal
